
Microsoft Visual Studio Solution File, Format Version 12.00
# Visual Studio Version 16
VisualStudioVersion = 16.0.30804.86
MinimumVisualStudioVersion = 10.0.40219.1
Project("{9A19103F-16F7-4668-BE54-9A1E7A4F7556}") = "Music.ConsoleApp", "Music.ConsoleApp\Music.ConsoleApp.csproj", "{9A6F69A8-5271-4C5C-8B06-6813E8CFC5F8}"
EndProject
Project("{FAE04EC0-301F-11D3-BF4B-00C04F79EFBC}") = "Music.ConsoleApp.UnitTests", "Music.ConsoleApp.UnitTests\Music.ConsoleApp.UnitTests.csproj", "{F7183F04-7FD3-4B64-B149-E1382DB2CC1E}"
EndProject
Global
	GlobalSection(SolutionConfigurationPlatforms) = preSolution
		Debug|Any CPU = Debug|Any CPU
		Release|Any CPU = Release|Any CPU
	EndGlobalSection
	GlobalSection(ProjectConfigurationPlatforms) = postSolution
		{9A6F69A8-5271-4C5C-8B06-6813E8CFC5F8}.Debug|Any CPU.ActiveCfg = Debug|Any CPU
		{9A6F69A8-5271-4C5C-8B06-6813E8CFC5F8}.Debug|Any CPU.Build.0 = Debug|Any CPU
		{9A6F69A8-5271-4C5C-8B06-6813E8CFC5F8}.Release|Any CPU.ActiveCfg = Release|Any CPU
		{9A6F69A8-5271-4C5C-8B06-6813E8CFC5F8}.Release|Any CPU.Build.0 = Release|Any CPU
		{F7183F04-7FD3-4B64-B149-E1382DB2CC1E}.Debug|Any CPU.ActiveCfg = Debug|Any CPU
		{F7183F04-7FD3-4B64-B149-E1382DB2CC1E}.Debug|Any CPU.Build.0 = Debug|Any CPU
		{F7183F04-7FD3-4B64-B149-E1382DB2CC1E}.Release|Any CPU.ActiveCfg = Release|Any CPU
		{F7183F04-7FD3-4B64-B149-E1382DB2CC1E}.Release|Any CPU.Build.0 = Release|Any CPU
	EndGlobalSection
	GlobalSection(SolutionProperties) = preSolution
		HideSolutionNode = FALSE
	EndGlobalSection
	GlobalSection(ExtensibilityGlobals) = postSolution
		SolutionGuid = {341E28BA-32A6-42E9-BF81-3CA7EB3DECA6}
	EndGlobalSection
EndGlobal
